{
  "name": "token_server",
  "lockfileVersion": 3,
  "requires": true,
  "packages": {
    "": {
      "dependencies": {
        "sha256addon": "file:../sha256"
      }
    },
    "../sha256": {
      "version": "1.0.0",
      "hasInstallScript": true,
      "license": "ISC",
      "dependencies": {
        "node-gyp": "^9.0.0"
      }
    },
    "node_modules/sha256addon": {
      "resolved": "../sha256",
      "link": true
    }
  }
}
